<?xml version="1.0" encoding="utf-8"?>
<Project ToolsVersion="4.0" xmlns="http://schemas.microsoft.com/developer/msbuild/2003">
  <ItemGroup>
    <ClCompile Include="TileLayer.cpp">
      <Filter>Map\Source Files</Filter>
    </ClCompile>
    <ClCompile Include="TinyXml\tinystr.cpp">
      <Filter>TinyXml</Filter>
    </ClCompile>
    <ClCompile Include="TinyXml\tinyxml.cpp">
      <Filter>TinyXml</Filter>
    </ClCompile>
    <ClCompile Include="TinyXml\tinyxmlerror.cpp">
      <Filter>TinyXml</Filter>
    </ClCompile>
    <ClCompile Include="TinyXml\tinyxmlparser.cpp">
      <Filter>TinyXml</Filter>
    </ClCompile>
    <ClCompile Include="TileSet.cpp">
      <Filter>Map\Source Files</Filter>
    </ClCompile>
    <ClCompile Include="Animation.cpp">
      <Filter>Graphics\Source Files</Filter>
    </ClCompile>
    <ClCompile Include="Animations.cpp">
      <Filter>Graphics\Source Files</Filter>
    </ClCompile>
    <ClCompile Include="Sprites.cpp">
      <Filter>Graphics\Source Files</Filter>
    </ClCompile>
    <ClCompile Include="Textures.cpp">
      <Filter>Graphics\Source Files</Filter>
    </ClCompile>
    <ClCompile Include="Sprite.cpp">
      <Filter>Graphics\Source Files</Filter>
    </ClCompile>
    <ClCompile Include="GameObject.cpp">
      <Filter>Game Object</Filter>
    </ClCompile>
    <ClCompile Include="Map.cpp">
      <Filter>Map</Filter>
    </ClCompile>
    <ClCompile Include="Collision.cpp">
      <Filter>Gameplay\Source Files</Filter>
    </ClCompile>
    <ClCompile Include="SampleKeyEventHandler.cpp">
      <Filter>Gameplay\Source Files</Filter>
    </ClCompile>
    <ClCompile Include="Game.cpp">
      <Filter>Core\Source Files</Filter>
    </ClCompile>
    <ClCompile Include="PlayScene.cpp">
      <Filter>Core\Source Files</Filter>
    </ClCompile>
    <ClCompile Include="main.cpp">
      <Filter>Core</Filter>
    </ClCompile>
    <ClCompile Include="debug.cpp">
      <Filter>Helper\Source Files</Filter>
    </ClCompile>
    <ClCompile Include="Utils.cpp">
      <Filter>Helper\Source Files</Filter>
    </ClCompile>
    <ClCompile Include="Goomba.cpp">
      <Filter>Game Object\Enemy</Filter>
    </ClCompile>
    <ClCompile Include="Mario.cpp">
      <Filter>Game Object\Mario</Filter>
    </ClCompile>
    <ClCompile Include="PlatformOneLayer.cpp">
      <Filter>Game Object\Platform</Filter>
    </ClCompile>
    <ClCompile Include="PlatformTile.cpp">
      <Filter>Game Object\Platform</Filter>
    </ClCompile>
    <ClCompile Include="Block.cpp">
      <Filter>Game Object\Block</Filter>
    </ClCompile>
    <ClCompile Include="BrickQuestionMark.cpp">
      <Filter>Game Object\Block</Filter>
    </ClCompile>
    <ClCompile Include="Portal.cpp">
      <Filter>Game Object\Other</Filter>
    </ClCompile>
    <ClCompile Include="Coin.cpp">
      <Filter>Game Object\Item\Source Files</Filter>
    </ClCompile>
    <ClCompile Include="Leaf.cpp">
      <Filter>Game Object\Item\Source Files</Filter>
    </ClCompile>
    <ClCompile Include="MushroomBig.cpp">
      <Filter>Game Object\Item\Source Files</Filter>
    </ClCompile>
    <ClCompile Include="PlatformGhost.cpp">
      <Filter>Game Object\Platform</Filter>
    </ClCompile>
    <ClCompile Include="PMeter.cpp">
      <Filter>Game Object\Mario</Filter>
    </ClCompile>
    <ClCompile Include="FireShot.cpp">
      <Filter>Game Object\Projectile</Filter>
    </ClCompile>
    <ClCompile Include="AttachedBBox.cpp">
      <Filter>Game Object\Other</Filter>
    </ClCompile>
    <ClCompile Include="GoombaRedWing.cpp">
      <Filter>Game Object\Enemy</Filter>
    </ClCompile>
    <ClCompile Include="FireBall.cpp">
      <Filter>Game Object\Projectile</Filter>
    </ClCompile>
    <ClCompile Include="DeadZone.cpp">
      <Filter>Game Object\Other</Filter>
    </ClCompile>
    <ClCompile Include="Pipe.cpp">
      <Filter>Game Object\Other</Filter>
    </ClCompile>
    <ClCompile Include="Hammer.cpp">
      <Filter>Game Object\Projectile</Filter>
    </ClCompile>
    <ClCompile Include="AttackBBox.cpp">
      <Filter>Game Object\Mario</Filter>
    </ClCompile>
    <ClCompile Include="Koopa.cpp">
      <Filter>Game Object\Enemy\Koopa</Filter>
    </ClCompile>
    <ClCompile Include="KoopaGreenWing.cpp">
      <Filter>Game Object\Enemy\Koopa</Filter>
    </ClCompile>
    <ClCompile Include="KoopaRedNormal.cpp">
      <Filter>Game Object\Enemy\Koopa</Filter>
    </ClCompile>
    <ClCompile Include="KoopaGreenNormal.cpp">
      <Filter>Game Object\Enemy\Koopa</Filter>
    </ClCompile>
    <ClCompile Include="MushroomUp.cpp">
      <Filter>Game Object\Item\Source Files</Filter>
    </ClCompile>
    <ClCompile Include="PlantGreenNormal.cpp">
      <Filter>Game Object\Enemy\Plant</Filter>
    </ClCompile>
    <ClCompile Include="PlantRedFire.cpp">
      <Filter>Game Object\Enemy\Plant</Filter>
    </ClCompile>
    <ClCompile Include="PlantGreenFire.cpp">
      <Filter>Game Object\Enemy\Plant</Filter>
    </ClCompile>
    <ClCompile Include="BrickGlass.cpp">
      <Filter>Game Object\Block</Filter>
    </ClCompile>
    <ClCompile Include="PBlock.cpp">
      <Filter>Game Object\Block</Filter>
    </ClCompile>
  </ItemGroup>
  <ItemGroup>
    <ClInclude Include="TileLayer.h">
      <Filter>Map\Header Files</Filter>
    </ClInclude>
    <ClInclude Include="TinyXml\tinystr.h">
      <Filter>TinyXml</Filter>
    </ClInclude>
    <ClInclude Include="TinyXml\tinyxml.h">
      <Filter>TinyXml</Filter>
    </ClInclude>
    <ClInclude Include="TileSet.h">
      <Filter>Map\Header Files</Filter>
    </ClInclude>
    <ClInclude Include="Animation.h">
      <Filter>Graphics\Header Files</Filter>
    </ClInclude>
    <ClInclude Include="AnimationFrame.h">
      <Filter>Graphics\Header Files</Filter>
    </ClInclude>
    <ClInclude Include="Animations.h">
      <Filter>Graphics\Header Files</Filter>
    </ClInclude>
    <ClInclude Include="Sprite.h">
      <Filter>Graphics\Header Files</Filter>
    </ClInclude>
    <ClInclude Include="Sprites.h">
      <Filter>Graphics\Header Files</Filter>
    </ClInclude>
    <ClInclude Include="Texture.h">
      <Filter>Graphics\Header Files</Filter>
    </ClInclude>
    <ClInclude Include="Textures.h">
      <Filter>Graphics\Header Files</Filter>
    </ClInclude>
    <ClInclude Include="GameObject.h">
      <Filter>Game Object</Filter>
    </ClInclude>
    <ClInclude Include="Map.h">
      <Filter>Map</Filter>
    </ClInclude>
    <ClInclude Include="Collision.h">
      <Filter>Gameplay\Header Files</Filter>
    </ClInclude>
    <ClInclude Include="KeyEventHandler.h">
      <Filter>Gameplay\Header Files</Filter>
    </ClInclude>
    <ClInclude Include="SampleKeyEventHandler.h">
      <Filter>Gameplay\Header Files</Filter>
    </ClInclude>
    <ClInclude Include="Game.h">
      <Filter>Core\Header Files</Filter>
    </ClInclude>
    <ClInclude Include="PlayScene.h">
      <Filter>Core\Header Files</Filter>
    </ClInclude>
    <ClInclude Include="Scene.h">
      <Filter>Core\Header Files</Filter>
    </ClInclude>
    <ClInclude Include="debug.h">
      <Filter>Helper\Header Files</Filter>
    </ClInclude>
    <ClInclude Include="Utils.h">
      <Filter>Helper\Header Files</Filter>
    </ClInclude>
    <ClInclude Include="AssetIDs.h">
      <Filter>Helper\Header Files</Filter>
    </ClInclude>
    <ClInclude Include="Goomba.h">
      <Filter>Game Object\Enemy</Filter>
    </ClInclude>
    <ClInclude Include="Item.h">
      <Filter>Game Object\Item</Filter>
    </ClInclude>
    <ClInclude Include="Mario.h">
      <Filter>Game Object\Mario</Filter>
    </ClInclude>
    <ClInclude Include="PlatformOneLayer.h">
      <Filter>Game Object\Platform</Filter>
    </ClInclude>
    <ClInclude Include="PlatformTile.h">
      <Filter>Game Object\Platform</Filter>
    </ClInclude>
    <ClInclude Include="Block.h">
      <Filter>Game Object\Block</Filter>
    </ClInclude>
    <ClInclude Include="BrickQuestionMark.h">
      <Filter>Game Object\Block</Filter>
    </ClInclude>
    <ClInclude Include="Portal.h">
      <Filter>Game Object\Other</Filter>
    </ClInclude>
    <ClInclude Include="Coin.h">
      <Filter>Game Object\Item\Header Files</Filter>
    </ClInclude>
    <ClInclude Include="Leaf.h">
      <Filter>Game Object\Item\Header Files</Filter>
    </ClInclude>
    <ClInclude Include="MushroomBig.h">
      <Filter>Game Object\Item\Header Files</Filter>
    </ClInclude>
    <ClInclude Include="PlatformGhost.h">
      <Filter>Game Object\Platform</Filter>
    </ClInclude>
    <ClInclude Include="PMeter.h">
      <Filter>Game Object\Mario</Filter>
    </ClInclude>
    <ClInclude Include="FireShot.h">
      <Filter>Game Object\Projectile</Filter>
    </ClInclude>
    <ClInclude Include="AttachedBBox.h">
      <Filter>Game Object\Other</Filter>
    </ClInclude>
    <ClInclude Include="GoombaRedWing.h">
      <Filter>Game Object\Enemy</Filter>
    </ClInclude>
    <ClInclude Include="FireBall.h">
      <Filter>Game Object\Projectile</Filter>
    </ClInclude>
    <ClInclude Include="DeadZone.h">
      <Filter>Game Object\Other</Filter>
    </ClInclude>
    <ClInclude Include="Pipe.h">
      <Filter>Game Object\Other</Filter>
    </ClInclude>
    <ClInclude Include="Hammer.h">
      <Filter>Game Object\Projectile</Filter>
    </ClInclude>
    <ClInclude Include="AttackBBox.h">
      <Filter>Game Object\Mario</Filter>
    </ClInclude>
    <ClInclude Include="Koopa.h">
      <Filter>Game Object\Enemy\Koopa</Filter>
    </ClInclude>
    <ClInclude Include="KoopaGreenWing.h">
      <Filter>Game Object\Enemy\Koopa</Filter>
    </ClInclude>
    <ClInclude Include="KoopaRedNormal.h">
      <Filter>Game Object\Enemy\Koopa</Filter>
    </ClInclude>
    <ClInclude Include="KoopaGreenNormal.h">
      <Filter>Game Object\Enemy\Koopa</Filter>
    </ClInclude>
    <ClInclude Include="MushroomUp.h">
      <Filter>Game Object\Item\Header Files</Filter>
    </ClInclude>
    <ClInclude Include="PlantGreenNormal.h">
      <Filter>Game Object\Enemy\Plant</Filter>
    </ClInclude>
    <ClInclude Include="PlantRedFire.h">
      <Filter>Game Object\Enemy\Plant</Filter>
    </ClInclude>
    <ClInclude Include="PlantGreenFire.h">
      <Filter>Game Object\Enemy\Plant</Filter>
    </ClInclude>
    <ClInclude Include="BrickGlass.h">
      <Filter>Game Object\Block</Filter>
    </ClInclude>
    <ClInclude Include="PBlock.h">
      <Filter>Game Object\Block</Filter>
    </ClInclude>
  </ItemGroup>
  <ItemGroup>
    <None Include="packages.config" />
  </ItemGroup>
  <ItemGroup>
    <Filter Include="Resource Files">
      <UniqueIdentifier>{2595b981-36d6-4459-867f-ad9ae285dc4c}</UniqueIdentifier>
    </Filter>
    <Filter Include="Map">
      <UniqueIdentifier>{69c94e00-ffa2-4077-8142-4269b4e54798}</UniqueIdentifier>
    </Filter>
    <Filter Include="Map\Header Files">
      <UniqueIdentifier>{f63f4cc9-5f0b-4137-98c2-43a6c9480b22}</UniqueIdentifier>
    </Filter>
    <Filter Include="Map\Source Files">
      <UniqueIdentifier>{b695df0c-1abe-427d-9f16-a95adc16cbfa}</UniqueIdentifier>
    </Filter>
    <Filter Include="TinyXml">
      <UniqueIdentifier>{0218ccde-3213-4c09-975b-9040bb5bd72c}</UniqueIdentifier>
    </Filter>
    <Filter Include="Graphics">
      <UniqueIdentifier>{1ddaa7cb-f52b-447f-b135-2456758cae87}</UniqueIdentifier>
    </Filter>
    <Filter Include="Graphics\Source Files">
      <UniqueIdentifier>{d39bf609-6fdd-432a-a045-19f4adbf1239}</UniqueIdentifier>
    </Filter>
    <Filter Include="Graphics\Header Files">
      <UniqueIdentifier>{a952b8c4-84ff-4781-955f-660ee89cad65}</UniqueIdentifier>
    </Filter>
    <Filter Include="Gameplay">
      <UniqueIdentifier>{62ba0a75-10a4-4551-a7e9-9fdd09120572}</UniqueIdentifier>
    </Filter>
    <Filter Include="Gameplay\Header Files">
      <UniqueIdentifier>{21d7ede5-5c4a-4873-b5d3-64966e286271}</UniqueIdentifier>
    </Filter>
    <Filter Include="Gameplay\Source Files">
      <UniqueIdentifier>{b5f87b28-7633-453b-8138-d03d6c6b6093}</UniqueIdentifier>
    </Filter>
    <Filter Include="Core">
      <UniqueIdentifier>{d7c6395c-84b7-4b58-ac90-08c64dd44790}</UniqueIdentifier>
    </Filter>
    <Filter Include="Core\Header Files">
      <UniqueIdentifier>{8493a615-4fcd-49a4-876b-291900df9f5c}</UniqueIdentifier>
    </Filter>
    <Filter Include="Core\Source Files">
      <UniqueIdentifier>{f72ac01c-23f2-41ea-b68b-487902d0a67d}</UniqueIdentifier>
    </Filter>
    <Filter Include="Helper">
      <UniqueIdentifier>{69a8c336-38c9-453e-a8d9-4fe97b4f6833}</UniqueIdentifier>
    </Filter>
    <Filter Include="Helper\Header Files">
      <UniqueIdentifier>{ec5f50fd-6a7f-42cc-b84c-b5c76e022289}</UniqueIdentifier>
    </Filter>
    <Filter Include="Helper\Source Files">
      <UniqueIdentifier>{eb1c354d-064c-4370-94fe-33b90ca9ab2b}</UniqueIdentifier>
    </Filter>
    <Filter Include="Game Object">
      <UniqueIdentifier>{56b8d847-69cf-4809-92d6-686a6e40e3b7}</UniqueIdentifier>
    </Filter>
    <Filter Include="Game Object\Enemy">
      <UniqueIdentifier>{145ec389-f7e3-45dd-b4cf-7029aaec0551}</UniqueIdentifier>
    </Filter>
    <Filter Include="Game Object\Item">
      <UniqueIdentifier>{b755f119-4a82-4617-a4a0-881916126c17}</UniqueIdentifier>
    </Filter>
    <Filter Include="Game Object\Mario">
      <UniqueIdentifier>{ba27269c-1108-4b70-a74c-1490144678a9}</UniqueIdentifier>
    </Filter>
    <Filter Include="Game Object\Platform">
      <UniqueIdentifier>{ce51d486-e865-472d-b67f-3c0684d2d94e}</UniqueIdentifier>
    </Filter>
    <Filter Include="Game Object\Other">
      <UniqueIdentifier>{f40e9030-4501-40ab-a759-a6c69f59d656}</UniqueIdentifier>
    </Filter>
    <Filter Include="Game Object\Item\Header Files">
      <UniqueIdentifier>{bd5961c7-8767-4670-ab43-d9947663c4ef}</UniqueIdentifier>
    </Filter>
    <Filter Include="Game Object\Item\Source Files">
      <UniqueIdentifier>{397e0bdb-3b16-4de3-b697-ca6b072f63c3}</UniqueIdentifier>
    </Filter>
    <Filter Include="Game Object\Projectile">
      <UniqueIdentifier>{a5a7964c-3d40-4eba-826e-af43d0699dd8}</UniqueIdentifier>
    </Filter>
    <Filter Include="Game Object\Enemy\Koopa">
      <UniqueIdentifier>{a06496ce-9bf6-49b3-9573-7e498341be85}</UniqueIdentifier>
    </Filter>
    <Filter Include="Game Object\Enemy\Plant">
      <UniqueIdentifier>{d0cd5c94-1fb2-4734-a7d3-c238dce634c9}</UniqueIdentifier>
    </Filter>
    <Filter Include="Game Object\Block">
      <UniqueIdentifier>{830277f7-87be-4888-b74c-45d5a3c4991b}</UniqueIdentifier>
    </Filter>
  </ItemGroup>
</Project>